
Microsoft Visual Studio Solution File, Format Version 12.00
# Visual Studio Version 17
VisualStudioVersion = 17.6.33723.286
MinimumVisualStudioVersion = 10.0.40219.1
Project("{FAE04EC0-301F-11D3-BF4B-00C04F79EFBC}") = "ApiWeather", "ApiWeather\ApiWeather.csproj", "{F2619407-C74C-4BB6-BD7C-ADD7E402AE0D}"
EndProject
Global
	GlobalSection(SolutionConfigurationPlatforms) = preSolution
		Debug|Any CPU = Debug|Any CPU
		Release|Any CPU = Release|Any CPU
	EndGlobalSection
	GlobalSection(ProjectConfigurationPlatforms) = postSolution
		{F2619407-C74C-4BB6-BD7C-ADD7E402AE0D}.Debug|Any CPU.ActiveCfg = Debug|Any CPU
		{F2619407-C74C-4BB6-BD7C-ADD7E402AE0D}.Debug|Any CPU.Build.0 = Debug|Any CPU
		{F2619407-C74C-4BB6-BD7C-ADD7E402AE0D}.Release|Any CPU.ActiveCfg = Release|Any CPU
		{F2619407-C74C-4BB6-BD7C-ADD7E402AE0D}.Release|Any CPU.Build.0 = Release|Any CPU
	EndGlobalSection
	GlobalSection(SolutionProperties) = preSolution
		HideSolutionNode = FALSE
	EndGlobalSection
	GlobalSection(ExtensibilityGlobals) = postSolution
		SolutionGuid = {3833F460-6042-495D-81F2-28E3B167FF1D}
	EndGlobalSection
EndGlobal
